
Microsoft Visual Studio Solution File, Format Version 12.00
# Visual Studio Version 17
VisualStudioVersion = 17.8.34330.188
MinimumVisualStudioVersion = 10.0.40219.1
Project("{2150E333-8FDC-42A3-9474-1A3956D46DE8}") = "src", "src", "{977D2F6E-1D34-4AF3-AA59-F6110A924E5A}"
EndProject
Project("{2150E333-8FDC-42A3-9474-1A3956D46DE8}") = "API", "API", "{7572879E-EDA9-4FF3-974F-6F6BB3BA21A6}"
EndProject
Project("{2150E333-8FDC-42A3-9474-1A3956D46DE8}") = "Core", "Core", "{C4DAA1CB-A8E6-409E-ABC1-6E6648EF5127}"
EndProject
Project("{2150E333-8FDC-42A3-9474-1A3956D46DE8}") = "Infrastructure", "Infrastructure", "{F7F4E685-CADD-48BE-A3BF-5987DF425F1F}"
EndProject
Project("{2150E333-8FDC-42A3-9474-1A3956D46DE8}") = "UI", "UI", "{1E08FD24-538E-45DC-B19D-25FC5D9B043B}"
EndProject
Project("{2150E333-8FDC-42A3-9474-1A3956D46DE8}") = "test", "test", "{0467EB57-B8E1-450B-85C3-C25FB9AB9138}"
EndProject
Project("{9A19103F-16F7-4668-BE54-9A1E7A4F7556}") = "TestProject.Api", "src\TestProject.Api\TestProject.Api.csproj", "{1F1EEDEA-6C31-4B8F-B250-4ECE8DAED63B}"
EndProject
Project("{9A19103F-16F7-4668-BE54-9A1E7A4F7556}") = "TestProject.Application", "src\TestProject.Application\TestProject.Application.csproj", "{DF537B91-6704-4FA1-8D27-1D72317CB879}"
EndProject
Project("{9A19103F-16F7-4668-BE54-9A1E7A4F7556}") = "TestProject.Domain", "src\TestProject.Domain\TestProject.Domain.csproj", "{CC144395-E8B7-4947-9A6F-4A3A2F2DE9B6}"
EndProject
Project("{9A19103F-16F7-4668-BE54-9A1E7A4F7556}") = "TestProject.Infrastructure", "src\TestProject.Infrastructure\TestProject.Infrastructure.csproj", "{02BEBF89-0F67-4BEA-94FD-0DA22F72F1B6}"
EndProject
Project("{9A19103F-16F7-4668-BE54-9A1E7A4F7556}") = "TestProject.Identity", "src\TestProject.Identity\TestProject.Identity.csproj", "{0A57DA64-AD60-4410-BF0B-3EE3681AE37D}"
EndProject
Project("{9A19103F-16F7-4668-BE54-9A1E7A4F7556}") = "TestProject.Persistence", "src\TestProject.Persistence\TestProject.Persistence.csproj", "{5F837251-FFB1-4561-A04F-9CF116C97CA2}"
EndProject
Project("{9A19103F-16F7-4668-BE54-9A1E7A4F7556}") = "TestProject.API.IntegrationTests", "test\TestProject.API.IntegrationTests\TestProject.API.IntegrationTests.csproj", "{F3A09C14-315A-493A-852A-CE03A2ECC2C9}"
EndProject
Project("{9A19103F-16F7-4668-BE54-9A1E7A4F7556}") = "TestProject.Application.UnitTests", "test\TestProject.Application.UnitTests\TestProject.Application.UnitTests.csproj", "{16E9BF17-28B7-42D9-A988-17B8ECCD9077}"
EndProject
Project("{9A19103F-16F7-4668-BE54-9A1E7A4F7556}") = "TestProject.Persistence.IntegrationTests", "test\TestProject.IntegrationTests\TestProject.Persistence.IntegrationTests.csproj", "{93ACD035-D918-4B1B-8A99-6B6841D06B00}"
EndProject
Global
	GlobalSection(SolutionConfigurationPlatforms) = preSolution
		Debug|Any CPU = Debug|Any CPU
		Release|Any CPU = Release|Any CPU
	EndGlobalSection
	GlobalSection(ProjectConfigurationPlatforms) = postSolution
		{1F1EEDEA-6C31-4B8F-B250-4ECE8DAED63B}.Debug|Any CPU.ActiveCfg = Debug|Any CPU
		{1F1EEDEA-6C31-4B8F-B250-4ECE8DAED63B}.Debug|Any CPU.Build.0 = Debug|Any CPU
		{1F1EEDEA-6C31-4B8F-B250-4ECE8DAED63B}.Release|Any CPU.ActiveCfg = Release|Any CPU
		{1F1EEDEA-6C31-4B8F-B250-4ECE8DAED63B}.Release|Any CPU.Build.0 = Release|Any CPU
		{DF537B91-6704-4FA1-8D27-1D72317CB879}.Debug|Any CPU.ActiveCfg = Debug|Any CPU
		{DF537B91-6704-4FA1-8D27-1D72317CB879}.Debug|Any CPU.Build.0 = Debug|Any CPU
		{DF537B91-6704-4FA1-8D27-1D72317CB879}.Release|Any CPU.ActiveCfg = Release|Any CPU
		{DF537B91-6704-4FA1-8D27-1D72317CB879}.Release|Any CPU.Build.0 = Release|Any CPU
		{CC144395-E8B7-4947-9A6F-4A3A2F2DE9B6}.Debug|Any CPU.ActiveCfg = Debug|Any CPU
		{CC144395-E8B7-4947-9A6F-4A3A2F2DE9B6}.Debug|Any CPU.Build.0 = Debug|Any CPU
		{CC144395-E8B7-4947-9A6F-4A3A2F2DE9B6}.Release|Any CPU.ActiveCfg = Release|Any CPU
		{CC144395-E8B7-4947-9A6F-4A3A2F2DE9B6}.Release|Any CPU.Build.0 = Release|Any CPU
		{02BEBF89-0F67-4BEA-94FD-0DA22F72F1B6}.Debug|Any CPU.ActiveCfg = Debug|Any CPU
		{02BEBF89-0F67-4BEA-94FD-0DA22F72F1B6}.Debug|Any CPU.Build.0 = Debug|Any CPU
		{02BEBF89-0F67-4BEA-94FD-0DA22F72F1B6}.Release|Any CPU.ActiveCfg = Release|Any CPU
		{02BEBF89-0F67-4BEA-94FD-0DA22F72F1B6}.Release|Any CPU.Build.0 = Release|Any CPU
		{0A57DA64-AD60-4410-BF0B-3EE3681AE37D}.Debug|Any CPU.ActiveCfg = Debug|Any CPU
		{0A57DA64-AD60-4410-BF0B-3EE3681AE37D}.Debug|Any CPU.Build.0 = Debug|Any CPU
		{0A57DA64-AD60-4410-BF0B-3EE3681AE37D}.Release|Any CPU.ActiveCfg = Release|Any CPU
		{0A57DA64-AD60-4410-BF0B-3EE3681AE37D}.Release|Any CPU.Build.0 = Release|Any CPU
		{5F837251-FFB1-4561-A04F-9CF116C97CA2}.Debug|Any CPU.ActiveCfg = Debug|Any CPU
		{5F837251-FFB1-4561-A04F-9CF116C97CA2}.Debug|Any CPU.Build.0 = Debug|Any CPU
		{5F837251-FFB1-4561-A04F-9CF116C97CA2}.Release|Any CPU.ActiveCfg = Release|Any CPU
		{5F837251-FFB1-4561-A04F-9CF116C97CA2}.Release|Any CPU.Build.0 = Release|Any CPU
		{F3A09C14-315A-493A-852A-CE03A2ECC2C9}.Debug|Any CPU.ActiveCfg = Debug|Any CPU
		{F3A09C14-315A-493A-852A-CE03A2ECC2C9}.Debug|Any CPU.Build.0 = Debug|Any CPU
		{F3A09C14-315A-493A-852A-CE03A2ECC2C9}.Release|Any CPU.ActiveCfg = Release|Any CPU
		{F3A09C14-315A-493A-852A-CE03A2ECC2C9}.Release|Any CPU.Build.0 = Release|Any CPU
		{16E9BF17-28B7-42D9-A988-17B8ECCD9077}.Debug|Any CPU.ActiveCfg = Debug|Any CPU
		{16E9BF17-28B7-42D9-A988-17B8ECCD9077}.Debug|Any CPU.Build.0 = Debug|Any CPU
		{16E9BF17-28B7-42D9-A988-17B8ECCD9077}.Release|Any CPU.ActiveCfg = Release|Any CPU
		{16E9BF17-28B7-42D9-A988-17B8ECCD9077}.Release|Any CPU.Build.0 = Release|Any CPU
		{93ACD035-D918-4B1B-8A99-6B6841D06B00}.Debug|Any CPU.ActiveCfg = Debug|Any CPU
		{93ACD035-D918-4B1B-8A99-6B6841D06B00}.Debug|Any CPU.Build.0 = Debug|Any CPU
		{93ACD035-D918-4B1B-8A99-6B6841D06B00}.Release|Any CPU.ActiveCfg = Release|Any CPU
		{93ACD035-D918-4B1B-8A99-6B6841D06B00}.Release|Any CPU.Build.0 = Release|Any CPU
	EndGlobalSection
	GlobalSection(SolutionProperties) = preSolution
		HideSolutionNode = FALSE
	EndGlobalSection
	GlobalSection(NestedProjects) = preSolution
		{7572879E-EDA9-4FF3-974F-6F6BB3BA21A6} = {977D2F6E-1D34-4AF3-AA59-F6110A924E5A}
		{C4DAA1CB-A8E6-409E-ABC1-6E6648EF5127} = {977D2F6E-1D34-4AF3-AA59-F6110A924E5A}
		{F7F4E685-CADD-48BE-A3BF-5987DF425F1F} = {977D2F6E-1D34-4AF3-AA59-F6110A924E5A}
		{1E08FD24-538E-45DC-B19D-25FC5D9B043B} = {977D2F6E-1D34-4AF3-AA59-F6110A924E5A}
		{1F1EEDEA-6C31-4B8F-B250-4ECE8DAED63B} = {7572879E-EDA9-4FF3-974F-6F6BB3BA21A6}
		{DF537B91-6704-4FA1-8D27-1D72317CB879} = {C4DAA1CB-A8E6-409E-ABC1-6E6648EF5127}
		{CC144395-E8B7-4947-9A6F-4A3A2F2DE9B6} = {C4DAA1CB-A8E6-409E-ABC1-6E6648EF5127}
		{02BEBF89-0F67-4BEA-94FD-0DA22F72F1B6} = {F7F4E685-CADD-48BE-A3BF-5987DF425F1F}
		{0A57DA64-AD60-4410-BF0B-3EE3681AE37D} = {F7F4E685-CADD-48BE-A3BF-5987DF425F1F}
		{5F837251-FFB1-4561-A04F-9CF116C97CA2} = {F7F4E685-CADD-48BE-A3BF-5987DF425F1F}
		{F3A09C14-315A-493A-852A-CE03A2ECC2C9} = {0467EB57-B8E1-450B-85C3-C25FB9AB9138}
		{16E9BF17-28B7-42D9-A988-17B8ECCD9077} = {0467EB57-B8E1-450B-85C3-C25FB9AB9138}
		{93ACD035-D918-4B1B-8A99-6B6841D06B00} = {0467EB57-B8E1-450B-85C3-C25FB9AB9138}
	EndGlobalSection
	GlobalSection(ExtensibilityGlobals) = postSolution
		SolutionGuid = {4E73E16B-F115-442D-98F3-F822C149D7B3}
	EndGlobalSection
EndGlobal
